
Microsoft Visual Studio Solution File, Format Version 11.00
# Visual Studio 2010
Project("{FAE04EC0-301F-11D3-BF4B-00C04F79EFBC}") = "Assembly-CSharp", "Assembly-CSharp.csproj", "{f239a7a1-5982-3849-82b3-8e85a50ae7af}"
EndProject
Global
	GlobalSection(SolutionConfigurationPlatforms) = preSolution
		Debug|Any CPU = Debug|Any CPU
		Release|Any CPU = Release|Any CPU
	EndGlobalSection
	GlobalSection(ProjectConfigurationPlatforms) = postSolution
		{f239a7a1-5982-3849-82b3-8e85a50ae7af}.Debug|Any CPU.ActiveCfg = Debug|Any CPU
		{f239a7a1-5982-3849-82b3-8e85a50ae7af}.Debug|Any CPU.Build.0 = Debug|Any CPU
		{f239a7a1-5982-3849-82b3-8e85a50ae7af}.Release|Any CPU.ActiveCfg = Release|Any CPU
		{f239a7a1-5982-3849-82b3-8e85a50ae7af}.Release|Any CPU.Build.0 = Release|Any CPU
	EndGlobalSection
	GlobalSection(SolutionProperties) = preSolution
		HideSolutionNode = FALSE
	EndGlobalSection
EndGlobal
